
Microsoft Visual Studio Solution File, Format Version 12.00
# Visual Studio Version 17
VisualStudioVersion = 17.11.35327.3
MinimumVisualStudioVersion = 10.0.40219.1
Project("{8BC9CEB8-8B4A-11D0-8D11-00A0C91BC942}") = "textSearch", "textSearch\textSearch.vcxproj", "{D6AD1256-2638-4D0A-B550-04C9D5F99114}"
EndProject
Global
	GlobalSection(SolutionConfigurationPlatforms) = preSolution
		Debug|x64 = Debug|x64
		Debug|x86 = Debug|x86
		Release|x64 = Release|x64
		Release|x86 = Release|x86
	EndGlobalSection
	GlobalSection(ProjectConfigurationPlatforms) = postSolution
		{D6AD1256-2638-4D0A-B550-04C9D5F99114}.Debug|x64.ActiveCfg = Debug|x64
		{D6AD1256-2638-4D0A-B550-04C9D5F99114}.Debug|x64.Build.0 = Debug|x64
		{D6AD1256-2638-4D0A-B550-04C9D5F99114}.Debug|x86.ActiveCfg = Debug|Win32
		{D6AD1256-2638-4D0A-B550-04C9D5F99114}.Debug|x86.Build.0 = Debug|Win32
		{D6AD1256-2638-4D0A-B550-04C9D5F99114}.Release|x64.ActiveCfg = Release|x64
		{D6AD1256-2638-4D0A-B550-04C9D5F99114}.Release|x64.Build.0 = Release|x64
		{D6AD1256-2638-4D0A-B550-04C9D5F99114}.Release|x86.ActiveCfg = Release|Win32
		{D6AD1256-2638-4D0A-B550-04C9D5F99114}.Release|x86.Build.0 = Release|Win32
	EndGlobalSection
	GlobalSection(SolutionProperties) = preSolution
		HideSolutionNode = FALSE
	EndGlobalSection
	GlobalSection(ExtensibilityGlobals) = postSolution
		SolutionGuid = {99D51484-61C7-4E04-874E-2F0DF8F12A35}
	EndGlobalSection
EndGlobal
